
Microsoft Visual Studio Solution File, Format Version 12.00
# Visual Studio 15
VisualStudioVersion = 15.0.28307.136
MinimumVisualStudioVersion = 10.0.40219.1
Project("{FAE04EC0-301F-11D3-BF4B-00C04F79EFBC}") = "MVVMFormularz", "MVVMFormularz\MVVMFormularz.csproj", "{D2F61A81-BF83-40A6-9BE3-FE54A2537C2A}"
EndProject
Global
	GlobalSection(SolutionConfigurationPlatforms) = preSolution
		Debug|Any CPU = Debug|Any CPU
		Release|Any CPU = Release|Any CPU
	EndGlobalSection
	GlobalSection(ProjectConfigurationPlatforms) = postSolution
		{D2F61A81-BF83-40A6-9BE3-FE54A2537C2A}.Debug|Any CPU.ActiveCfg = Debug|Any CPU
		{D2F61A81-BF83-40A6-9BE3-FE54A2537C2A}.Debug|Any CPU.Build.0 = Debug|Any CPU
		{D2F61A81-BF83-40A6-9BE3-FE54A2537C2A}.Release|Any CPU.ActiveCfg = Release|Any CPU
		{D2F61A81-BF83-40A6-9BE3-FE54A2537C2A}.Release|Any CPU.Build.0 = Release|Any CPU
	EndGlobalSection
	GlobalSection(SolutionProperties) = preSolution
		HideSolutionNode = FALSE
	EndGlobalSection
	GlobalSection(ExtensibilityGlobals) = postSolution
		SolutionGuid = {B3FDC4E7-8FAC-4D2F-9D9D-D0BB6759A396}
	EndGlobalSection
EndGlobal
